
Microsoft Visual Studio Solution File, Format Version 12.00
# Visual Studio Version 16
VisualStudioVersion = 16.0.30114.105
MinimumVisualStudioVersion = 10.0.40219.1
Project("{2150E333-8FDC-42A3-9474-1A3956D46DE8}") = "Micros", "Micros", "{AD2110BC-2DBA-4A47-940E-29BE882AA855}"
EndProject
Project("{2150E333-8FDC-42A3-9474-1A3956D46DE8}") = "Catalog", "Catalog", "{7372997C-903C-415D-B946-C7CF457C3720}"
EndProject
Project("{9A19103F-16F7-4668-BE54-9A1E7A4F7556}") = "Catalog.API", "Micros\Catalog\Catalog.API\Catalog.API.csproj", "{FFF488F4-0D78-426A-B2DE-03C994C69CBB}"
EndProject
Project("{E53339B2-1760-4266-BCC7-CA923CBCF16C}") = "docker-compose", "docker-compose.dcproj", "{C3F07596-D86F-4DC0-A33D-9D5162FD83F9}"
EndProject
Project("{2150E333-8FDC-42A3-9474-1A3956D46DE8}") = "Basket", "Basket", "{5BAA16F0-553B-47A5-B148-C37498371C56}"
EndProject
Project("{9A19103F-16F7-4668-BE54-9A1E7A4F7556}") = "Basket.API", "Micros\Basket\Basket.API\Basket.API.csproj", "{6BD358F8-5215-41FB-8FCB-01863685095F}"
EndProject
Project("{2150E333-8FDC-42A3-9474-1A3956D46DE8}") = "Discount", "Discount", "{4CFC45F2-9A06-4BB5-A3A5-9460AD250951}"
EndProject
Project("{FAE04EC0-301F-11D3-BF4B-00C04F79EFBC}") = "Discount.API", "Micros\Discount\Discount.API\Discount.API.csproj", "{438856F2-DE67-4A2B-97D4-2634213B6C86}"
EndProject
Global
	GlobalSection(SolutionConfigurationPlatforms) = preSolution
		Debug|Any CPU = Debug|Any CPU
		Debug|x64 = Debug|x64
		Debug|x86 = Debug|x86
		Release|Any CPU = Release|Any CPU
		Release|x64 = Release|x64
		Release|x86 = Release|x86
	EndGlobalSection
	GlobalSection(ProjectConfigurationPlatforms) = postSolution
		{FFF488F4-0D78-426A-B2DE-03C994C69CBB}.Debug|Any CPU.ActiveCfg = Debug|Any CPU
		{FFF488F4-0D78-426A-B2DE-03C994C69CBB}.Debug|Any CPU.Build.0 = Debug|Any CPU
		{FFF488F4-0D78-426A-B2DE-03C994C69CBB}.Debug|x64.ActiveCfg = Debug|Any CPU
		{FFF488F4-0D78-426A-B2DE-03C994C69CBB}.Debug|x64.Build.0 = Debug|Any CPU
		{FFF488F4-0D78-426A-B2DE-03C994C69CBB}.Debug|x86.ActiveCfg = Debug|Any CPU
		{FFF488F4-0D78-426A-B2DE-03C994C69CBB}.Debug|x86.Build.0 = Debug|Any CPU
		{FFF488F4-0D78-426A-B2DE-03C994C69CBB}.Release|Any CPU.ActiveCfg = Release|Any CPU
		{FFF488F4-0D78-426A-B2DE-03C994C69CBB}.Release|Any CPU.Build.0 = Release|Any CPU
		{FFF488F4-0D78-426A-B2DE-03C994C69CBB}.Release|x64.ActiveCfg = Release|Any CPU
		{FFF488F4-0D78-426A-B2DE-03C994C69CBB}.Release|x64.Build.0 = Release|Any CPU
		{FFF488F4-0D78-426A-B2DE-03C994C69CBB}.Release|x86.ActiveCfg = Release|Any CPU
		{FFF488F4-0D78-426A-B2DE-03C994C69CBB}.Release|x86.Build.0 = Release|Any CPU
		{C3F07596-D86F-4DC0-A33D-9D5162FD83F9}.Debug|Any CPU.ActiveCfg = Debug|Any CPU
		{C3F07596-D86F-4DC0-A33D-9D5162FD83F9}.Debug|Any CPU.Build.0 = Debug|Any CPU
		{C3F07596-D86F-4DC0-A33D-9D5162FD83F9}.Debug|x64.ActiveCfg = Debug|Any CPU
		{C3F07596-D86F-4DC0-A33D-9D5162FD83F9}.Debug|x64.Build.0 = Debug|Any CPU
		{C3F07596-D86F-4DC0-A33D-9D5162FD83F9}.Debug|x86.ActiveCfg = Debug|Any CPU
		{C3F07596-D86F-4DC0-A33D-9D5162FD83F9}.Debug|x86.Build.0 = Debug|Any CPU
		{C3F07596-D86F-4DC0-A33D-9D5162FD83F9}.Release|Any CPU.ActiveCfg = Release|Any CPU
		{C3F07596-D86F-4DC0-A33D-9D5162FD83F9}.Release|Any CPU.Build.0 = Release|Any CPU
		{C3F07596-D86F-4DC0-A33D-9D5162FD83F9}.Release|x64.ActiveCfg = Release|Any CPU
		{C3F07596-D86F-4DC0-A33D-9D5162FD83F9}.Release|x64.Build.0 = Release|Any CPU
		{C3F07596-D86F-4DC0-A33D-9D5162FD83F9}.Release|x86.ActiveCfg = Release|Any CPU
		{C3F07596-D86F-4DC0-A33D-9D5162FD83F9}.Release|x86.Build.0 = Release|Any CPU
		{6BD358F8-5215-41FB-8FCB-01863685095F}.Debug|Any CPU.ActiveCfg = Debug|Any CPU
		{6BD358F8-5215-41FB-8FCB-01863685095F}.Debug|Any CPU.Build.0 = Debug|Any CPU
		{6BD358F8-5215-41FB-8FCB-01863685095F}.Debug|x64.ActiveCfg = Debug|Any CPU
		{6BD358F8-5215-41FB-8FCB-01863685095F}.Debug|x64.Build.0 = Debug|Any CPU
		{6BD358F8-5215-41FB-8FCB-01863685095F}.Debug|x86.ActiveCfg = Debug|Any CPU
		{6BD358F8-5215-41FB-8FCB-01863685095F}.Debug|x86.Build.0 = Debug|Any CPU
		{6BD358F8-5215-41FB-8FCB-01863685095F}.Release|Any CPU.ActiveCfg = Release|Any CPU
		{6BD358F8-5215-41FB-8FCB-01863685095F}.Release|Any CPU.Build.0 = Release|Any CPU
		{6BD358F8-5215-41FB-8FCB-01863685095F}.Release|x64.ActiveCfg = Release|Any CPU
		{6BD358F8-5215-41FB-8FCB-01863685095F}.Release|x64.Build.0 = Release|Any CPU
		{6BD358F8-5215-41FB-8FCB-01863685095F}.Release|x86.ActiveCfg = Release|Any CPU
		{6BD358F8-5215-41FB-8FCB-01863685095F}.Release|x86.Build.0 = Release|Any CPU
		{438856F2-DE67-4A2B-97D4-2634213B6C86}.Debug|Any CPU.ActiveCfg = Debug|Any CPU
		{438856F2-DE67-4A2B-97D4-2634213B6C86}.Debug|Any CPU.Build.0 = Debug|Any CPU
		{438856F2-DE67-4A2B-97D4-2634213B6C86}.Debug|x64.ActiveCfg = Debug|Any CPU
		{438856F2-DE67-4A2B-97D4-2634213B6C86}.Debug|x64.Build.0 = Debug|Any CPU
		{438856F2-DE67-4A2B-97D4-2634213B6C86}.Debug|x86.ActiveCfg = Debug|Any CPU
		{438856F2-DE67-4A2B-97D4-2634213B6C86}.Debug|x86.Build.0 = Debug|Any CPU
		{438856F2-DE67-4A2B-97D4-2634213B6C86}.Release|Any CPU.ActiveCfg = Release|Any CPU
		{438856F2-DE67-4A2B-97D4-2634213B6C86}.Release|Any CPU.Build.0 = Release|Any CPU
		{438856F2-DE67-4A2B-97D4-2634213B6C86}.Release|x64.ActiveCfg = Release|Any CPU
		{438856F2-DE67-4A2B-97D4-2634213B6C86}.Release|x64.Build.0 = Release|Any CPU
		{438856F2-DE67-4A2B-97D4-2634213B6C86}.Release|x86.ActiveCfg = Release|Any CPU
		{438856F2-DE67-4A2B-97D4-2634213B6C86}.Release|x86.Build.0 = Release|Any CPU
	EndGlobalSection
	GlobalSection(SolutionProperties) = preSolution
		HideSolutionNode = FALSE
	EndGlobalSection
	GlobalSection(NestedProjects) = preSolution
		{7372997C-903C-415D-B946-C7CF457C3720} = {AD2110BC-2DBA-4A47-940E-29BE882AA855}
		{FFF488F4-0D78-426A-B2DE-03C994C69CBB} = {7372997C-903C-415D-B946-C7CF457C3720}
		{5BAA16F0-553B-47A5-B148-C37498371C56} = {AD2110BC-2DBA-4A47-940E-29BE882AA855}
		{6BD358F8-5215-41FB-8FCB-01863685095F} = {5BAA16F0-553B-47A5-B148-C37498371C56}
		{4CFC45F2-9A06-4BB5-A3A5-9460AD250951} = {AD2110BC-2DBA-4A47-940E-29BE882AA855}
		{438856F2-DE67-4A2B-97D4-2634213B6C86} = {4CFC45F2-9A06-4BB5-A3A5-9460AD250951}
	EndGlobalSection
	GlobalSection(ExtensibilityGlobals) = postSolution
		SolutionGuid = {9742F169-4AAF-48A6-8C69-278AE7811880}
	EndGlobalSection
EndGlobal
