
Microsoft Visual Studio Solution File, Format Version 12.00
# Visual Studio Version 16
VisualStudioVersion = 16.0.30114.105
MinimumVisualStudioVersion = 10.0.40219.1
Project("{2150E333-8FDC-42A3-9474-1A3956D46DE8}") = "Micros", "Micros", "{AD2110BC-2DBA-4A47-940E-29BE882AA855}"
EndProject
Project("{2150E333-8FDC-42A3-9474-1A3956D46DE8}") = "Catalog", "Catalog", "{7372997C-903C-415D-B946-C7CF457C3720}"
EndProject
Project("{9A19103F-16F7-4668-BE54-9A1E7A4F7556}") = "Catalog.API", "Micros\Catalog\Catalog.API\Catalog.API.csproj", "{FFF488F4-0D78-426A-B2DE-03C994C69CBB}"
EndProject
Project("{E53339B2-1760-4266-BCC7-CA923CBCF16C}") = "docker-compose", "docker-compose.dcproj", "{C3F07596-D86F-4DC0-A33D-9D5162FD83F9}"
EndProject
Project("{2150E333-8FDC-42A3-9474-1A3956D46DE8}") = "Basket", "Basket", "{5BAA16F0-553B-47A5-B148-C37498371C56}"
EndProject
Project("{9A19103F-16F7-4668-BE54-9A1E7A4F7556}") = "Basket.API", "Micros\Basket\Basket.API\Basket.API.csproj", "{6BD358F8-5215-41FB-8FCB-01863685095F}"
EndProject
Project("{2150E333-8FDC-42A3-9474-1A3956D46DE8}") = "Discount", "Discount", "{4CFC45F2-9A06-4BB5-A3A5-9460AD250951}"
EndProject
Project("{9A19103F-16F7-4668-BE54-9A1E7A4F7556}") = "Discount.API", "Micros\Discount\Discount.API\Discount.API.csproj", "{438856F2-DE67-4A2B-97D4-2634213B6C86}"
EndProject
Project("{9A19103F-16F7-4668-BE54-9A1E7A4F7556}") = "Discount.Grpc", "Micros\Discount\Discount.Grpc\Discount.Grpc.csproj", "{6E87693D-DD60-4EDB-8729-D1B444ED4F53}"
EndProject
Project("{2150E333-8FDC-42A3-9474-1A3956D46DE8}") = "Order", "Order", "{4449DDC1-74B4-45E2-9FBB-16E8ED401FE2}"
EndProject
Project("{9A19103F-16F7-4668-BE54-9A1E7A4F7556}") = "Order.API", "Micros\Order\Order.API\Order.API.csproj", "{B97397EC-840B-47E4-A4A2-1B2A2060D9BC}"
EndProject
Project("{9A19103F-16F7-4668-BE54-9A1E7A4F7556}") = "Order.Domain", "Micros\Order\Core\Order.Domain\Order.Domain.csproj", "{106B30CF-E393-4F6A-A369-79119E999BED}"
EndProject
Project("{9A19103F-16F7-4668-BE54-9A1E7A4F7556}") = "Order.Application", "Micros\Order\Core\Order.Application\Order.Application.csproj", "{2953458F-C095-4AD2-9C97-780CE2DF37A2}"
EndProject
Project("{2150E333-8FDC-42A3-9474-1A3956D46DE8}") = "Core", "Core", "{6CD736CE-64D3-4AD9-AC87-BF4F1C32A13A}"
EndProject
Project("{9A19103F-16F7-4668-BE54-9A1E7A4F7556}") = "Order.Infrastructure", "Micros\Order\Order.Infrastructure\Order.Infrastructure.csproj", "{B864FF95-EB30-469E-97ED-3D10074DBF9A}"
EndProject
Project("{2150E333-8FDC-42A3-9474-1A3956D46DE8}") = "BuildingBlocks", "BuildingBlocks", "{1D8705C1-EE90-421E-A2DD-30989337ADFC}"
EndProject
Project("{FAE04EC0-301F-11D3-BF4B-00C04F79EFBC}") = "EventBus.Messages", "BuildingBlocks\EventBus.Messages\EventBus.Messages.csproj", "{E2C3AFA6-BBBD-4DE6-B41E-D1FE81CA7211}"
EndProject
Global
	GlobalSection(SolutionConfigurationPlatforms) = preSolution
		Debug|Any CPU = Debug|Any CPU
		Debug|x64 = Debug|x64
		Debug|x86 = Debug|x86
		Release|Any CPU = Release|Any CPU
		Release|x64 = Release|x64
		Release|x86 = Release|x86
	EndGlobalSection
	GlobalSection(ProjectConfigurationPlatforms) = postSolution
		{FFF488F4-0D78-426A-B2DE-03C994C69CBB}.Debug|Any CPU.ActiveCfg = Debug|Any CPU
		{FFF488F4-0D78-426A-B2DE-03C994C69CBB}.Debug|Any CPU.Build.0 = Debug|Any CPU
		{FFF488F4-0D78-426A-B2DE-03C994C69CBB}.Debug|x64.ActiveCfg = Debug|Any CPU
		{FFF488F4-0D78-426A-B2DE-03C994C69CBB}.Debug|x64.Build.0 = Debug|Any CPU
		{FFF488F4-0D78-426A-B2DE-03C994C69CBB}.Debug|x86.ActiveCfg = Debug|Any CPU
		{FFF488F4-0D78-426A-B2DE-03C994C69CBB}.Debug|x86.Build.0 = Debug|Any CPU
		{FFF488F4-0D78-426A-B2DE-03C994C69CBB}.Release|Any CPU.ActiveCfg = Release|Any CPU
		{FFF488F4-0D78-426A-B2DE-03C994C69CBB}.Release|Any CPU.Build.0 = Release|Any CPU
		{FFF488F4-0D78-426A-B2DE-03C994C69CBB}.Release|x64.ActiveCfg = Release|Any CPU
		{FFF488F4-0D78-426A-B2DE-03C994C69CBB}.Release|x64.Build.0 = Release|Any CPU
		{FFF488F4-0D78-426A-B2DE-03C994C69CBB}.Release|x86.ActiveCfg = Release|Any CPU
		{FFF488F4-0D78-426A-B2DE-03C994C69CBB}.Release|x86.Build.0 = Release|Any CPU
		{C3F07596-D86F-4DC0-A33D-9D5162FD83F9}.Debug|Any CPU.ActiveCfg = Debug|Any CPU
		{C3F07596-D86F-4DC0-A33D-9D5162FD83F9}.Debug|Any CPU.Build.0 = Debug|Any CPU
		{C3F07596-D86F-4DC0-A33D-9D5162FD83F9}.Debug|x64.ActiveCfg = Debug|Any CPU
		{C3F07596-D86F-4DC0-A33D-9D5162FD83F9}.Debug|x64.Build.0 = Debug|Any CPU
		{C3F07596-D86F-4DC0-A33D-9D5162FD83F9}.Debug|x86.ActiveCfg = Debug|Any CPU
		{C3F07596-D86F-4DC0-A33D-9D5162FD83F9}.Debug|x86.Build.0 = Debug|Any CPU
		{C3F07596-D86F-4DC0-A33D-9D5162FD83F9}.Release|Any CPU.ActiveCfg = Release|Any CPU
		{C3F07596-D86F-4DC0-A33D-9D5162FD83F9}.Release|Any CPU.Build.0 = Release|Any CPU
		{C3F07596-D86F-4DC0-A33D-9D5162FD83F9}.Release|x64.ActiveCfg = Release|Any CPU
		{C3F07596-D86F-4DC0-A33D-9D5162FD83F9}.Release|x64.Build.0 = Release|Any CPU
		{C3F07596-D86F-4DC0-A33D-9D5162FD83F9}.Release|x86.ActiveCfg = Release|Any CPU
		{C3F07596-D86F-4DC0-A33D-9D5162FD83F9}.Release|x86.Build.0 = Release|Any CPU
		{6BD358F8-5215-41FB-8FCB-01863685095F}.Debug|Any CPU.ActiveCfg = Debug|Any CPU
		{6BD358F8-5215-41FB-8FCB-01863685095F}.Debug|Any CPU.Build.0 = Debug|Any CPU
		{6BD358F8-5215-41FB-8FCB-01863685095F}.Debug|x64.ActiveCfg = Debug|Any CPU
		{6BD358F8-5215-41FB-8FCB-01863685095F}.Debug|x64.Build.0 = Debug|Any CPU
		{6BD358F8-5215-41FB-8FCB-01863685095F}.Debug|x86.ActiveCfg = Debug|Any CPU
		{6BD358F8-5215-41FB-8FCB-01863685095F}.Debug|x86.Build.0 = Debug|Any CPU
		{6BD358F8-5215-41FB-8FCB-01863685095F}.Release|Any CPU.ActiveCfg = Release|Any CPU
		{6BD358F8-5215-41FB-8FCB-01863685095F}.Release|Any CPU.Build.0 = Release|Any CPU
		{6BD358F8-5215-41FB-8FCB-01863685095F}.Release|x64.ActiveCfg = Release|Any CPU
		{6BD358F8-5215-41FB-8FCB-01863685095F}.Release|x64.Build.0 = Release|Any CPU
		{6BD358F8-5215-41FB-8FCB-01863685095F}.Release|x86.ActiveCfg = Release|Any CPU
		{6BD358F8-5215-41FB-8FCB-01863685095F}.Release|x86.Build.0 = Release|Any CPU
		{438856F2-DE67-4A2B-97D4-2634213B6C86}.Debug|Any CPU.ActiveCfg = Debug|Any CPU
		{438856F2-DE67-4A2B-97D4-2634213B6C86}.Debug|Any CPU.Build.0 = Debug|Any CPU
		{438856F2-DE67-4A2B-97D4-2634213B6C86}.Debug|x64.ActiveCfg = Debug|Any CPU
		{438856F2-DE67-4A2B-97D4-2634213B6C86}.Debug|x64.Build.0 = Debug|Any CPU
		{438856F2-DE67-4A2B-97D4-2634213B6C86}.Debug|x86.ActiveCfg = Debug|Any CPU
		{438856F2-DE67-4A2B-97D4-2634213B6C86}.Debug|x86.Build.0 = Debug|Any CPU
		{438856F2-DE67-4A2B-97D4-2634213B6C86}.Release|Any CPU.ActiveCfg = Release|Any CPU
		{438856F2-DE67-4A2B-97D4-2634213B6C86}.Release|Any CPU.Build.0 = Release|Any CPU
		{438856F2-DE67-4A2B-97D4-2634213B6C86}.Release|x64.ActiveCfg = Release|Any CPU
		{438856F2-DE67-4A2B-97D4-2634213B6C86}.Release|x64.Build.0 = Release|Any CPU
		{438856F2-DE67-4A2B-97D4-2634213B6C86}.Release|x86.ActiveCfg = Release|Any CPU
		{438856F2-DE67-4A2B-97D4-2634213B6C86}.Release|x86.Build.0 = Release|Any CPU
		{6E87693D-DD60-4EDB-8729-D1B444ED4F53}.Debug|Any CPU.ActiveCfg = Debug|Any CPU
		{6E87693D-DD60-4EDB-8729-D1B444ED4F53}.Debug|Any CPU.Build.0 = Debug|Any CPU
		{6E87693D-DD60-4EDB-8729-D1B444ED4F53}.Debug|x64.ActiveCfg = Debug|Any CPU
		{6E87693D-DD60-4EDB-8729-D1B444ED4F53}.Debug|x64.Build.0 = Debug|Any CPU
		{6E87693D-DD60-4EDB-8729-D1B444ED4F53}.Debug|x86.ActiveCfg = Debug|Any CPU
		{6E87693D-DD60-4EDB-8729-D1B444ED4F53}.Debug|x86.Build.0 = Debug|Any CPU
		{6E87693D-DD60-4EDB-8729-D1B444ED4F53}.Release|Any CPU.ActiveCfg = Release|Any CPU
		{6E87693D-DD60-4EDB-8729-D1B444ED4F53}.Release|Any CPU.Build.0 = Release|Any CPU
		{6E87693D-DD60-4EDB-8729-D1B444ED4F53}.Release|x64.ActiveCfg = Release|Any CPU
		{6E87693D-DD60-4EDB-8729-D1B444ED4F53}.Release|x64.Build.0 = Release|Any CPU
		{6E87693D-DD60-4EDB-8729-D1B444ED4F53}.Release|x86.ActiveCfg = Release|Any CPU
		{6E87693D-DD60-4EDB-8729-D1B444ED4F53}.Release|x86.Build.0 = Release|Any CPU
		{B97397EC-840B-47E4-A4A2-1B2A2060D9BC}.Debug|Any CPU.ActiveCfg = Debug|Any CPU
		{B97397EC-840B-47E4-A4A2-1B2A2060D9BC}.Debug|Any CPU.Build.0 = Debug|Any CPU
		{B97397EC-840B-47E4-A4A2-1B2A2060D9BC}.Debug|x64.ActiveCfg = Debug|Any CPU
		{B97397EC-840B-47E4-A4A2-1B2A2060D9BC}.Debug|x64.Build.0 = Debug|Any CPU
		{B97397EC-840B-47E4-A4A2-1B2A2060D9BC}.Debug|x86.ActiveCfg = Debug|Any CPU
		{B97397EC-840B-47E4-A4A2-1B2A2060D9BC}.Debug|x86.Build.0 = Debug|Any CPU
		{B97397EC-840B-47E4-A4A2-1B2A2060D9BC}.Release|Any CPU.ActiveCfg = Release|Any CPU
		{B97397EC-840B-47E4-A4A2-1B2A2060D9BC}.Release|Any CPU.Build.0 = Release|Any CPU
		{B97397EC-840B-47E4-A4A2-1B2A2060D9BC}.Release|x64.ActiveCfg = Release|Any CPU
		{B97397EC-840B-47E4-A4A2-1B2A2060D9BC}.Release|x64.Build.0 = Release|Any CPU
		{B97397EC-840B-47E4-A4A2-1B2A2060D9BC}.Release|x86.ActiveCfg = Release|Any CPU
		{B97397EC-840B-47E4-A4A2-1B2A2060D9BC}.Release|x86.Build.0 = Release|Any CPU
		{106B30CF-E393-4F6A-A369-79119E999BED}.Debug|Any CPU.ActiveCfg = Debug|Any CPU
		{106B30CF-E393-4F6A-A369-79119E999BED}.Debug|Any CPU.Build.0 = Debug|Any CPU
		{106B30CF-E393-4F6A-A369-79119E999BED}.Debug|x64.ActiveCfg = Debug|Any CPU
		{106B30CF-E393-4F6A-A369-79119E999BED}.Debug|x64.Build.0 = Debug|Any CPU
		{106B30CF-E393-4F6A-A369-79119E999BED}.Debug|x86.ActiveCfg = Debug|Any CPU
		{106B30CF-E393-4F6A-A369-79119E999BED}.Debug|x86.Build.0 = Debug|Any CPU
		{106B30CF-E393-4F6A-A369-79119E999BED}.Release|Any CPU.ActiveCfg = Release|Any CPU
		{106B30CF-E393-4F6A-A369-79119E999BED}.Release|Any CPU.Build.0 = Release|Any CPU
		{106B30CF-E393-4F6A-A369-79119E999BED}.Release|x64.ActiveCfg = Release|Any CPU
		{106B30CF-E393-4F6A-A369-79119E999BED}.Release|x64.Build.0 = Release|Any CPU
		{106B30CF-E393-4F6A-A369-79119E999BED}.Release|x86.ActiveCfg = Release|Any CPU
		{106B30CF-E393-4F6A-A369-79119E999BED}.Release|x86.Build.0 = Release|Any CPU
		{2953458F-C095-4AD2-9C97-780CE2DF37A2}.Debug|Any CPU.ActiveCfg = Debug|Any CPU
		{2953458F-C095-4AD2-9C97-780CE2DF37A2}.Debug|Any CPU.Build.0 = Debug|Any CPU
		{2953458F-C095-4AD2-9C97-780CE2DF37A2}.Debug|x64.ActiveCfg = Debug|Any CPU
		{2953458F-C095-4AD2-9C97-780CE2DF37A2}.Debug|x64.Build.0 = Debug|Any CPU
		{2953458F-C095-4AD2-9C97-780CE2DF37A2}.Debug|x86.ActiveCfg = Debug|Any CPU
		{2953458F-C095-4AD2-9C97-780CE2DF37A2}.Debug|x86.Build.0 = Debug|Any CPU
		{2953458F-C095-4AD2-9C97-780CE2DF37A2}.Release|Any CPU.ActiveCfg = Release|Any CPU
		{2953458F-C095-4AD2-9C97-780CE2DF37A2}.Release|Any CPU.Build.0 = Release|Any CPU
		{2953458F-C095-4AD2-9C97-780CE2DF37A2}.Release|x64.ActiveCfg = Release|Any CPU
		{2953458F-C095-4AD2-9C97-780CE2DF37A2}.Release|x64.Build.0 = Release|Any CPU
		{2953458F-C095-4AD2-9C97-780CE2DF37A2}.Release|x86.ActiveCfg = Release|Any CPU
		{2953458F-C095-4AD2-9C97-780CE2DF37A2}.Release|x86.Build.0 = Release|Any CPU
		{B864FF95-EB30-469E-97ED-3D10074DBF9A}.Debug|Any CPU.ActiveCfg = Debug|Any CPU
		{B864FF95-EB30-469E-97ED-3D10074DBF9A}.Debug|Any CPU.Build.0 = Debug|Any CPU
		{B864FF95-EB30-469E-97ED-3D10074DBF9A}.Debug|x64.ActiveCfg = Debug|Any CPU
		{B864FF95-EB30-469E-97ED-3D10074DBF9A}.Debug|x64.Build.0 = Debug|Any CPU
		{B864FF95-EB30-469E-97ED-3D10074DBF9A}.Debug|x86.ActiveCfg = Debug|Any CPU
		{B864FF95-EB30-469E-97ED-3D10074DBF9A}.Debug|x86.Build.0 = Debug|Any CPU
		{B864FF95-EB30-469E-97ED-3D10074DBF9A}.Release|Any CPU.ActiveCfg = Release|Any CPU
		{B864FF95-EB30-469E-97ED-3D10074DBF9A}.Release|Any CPU.Build.0 = Release|Any CPU
		{B864FF95-EB30-469E-97ED-3D10074DBF9A}.Release|x64.ActiveCfg = Release|Any CPU
		{B864FF95-EB30-469E-97ED-3D10074DBF9A}.Release|x64.Build.0 = Release|Any CPU
		{B864FF95-EB30-469E-97ED-3D10074DBF9A}.Release|x86.ActiveCfg = Release|Any CPU
		{B864FF95-EB30-469E-97ED-3D10074DBF9A}.Release|x86.Build.0 = Release|Any CPU
		{E2C3AFA6-BBBD-4DE6-B41E-D1FE81CA7211}.Debug|Any CPU.ActiveCfg = Debug|Any CPU
		{E2C3AFA6-BBBD-4DE6-B41E-D1FE81CA7211}.Debug|Any CPU.Build.0 = Debug|Any CPU
		{E2C3AFA6-BBBD-4DE6-B41E-D1FE81CA7211}.Debug|x64.ActiveCfg = Debug|Any CPU
		{E2C3AFA6-BBBD-4DE6-B41E-D1FE81CA7211}.Debug|x64.Build.0 = Debug|Any CPU
		{E2C3AFA6-BBBD-4DE6-B41E-D1FE81CA7211}.Debug|x86.ActiveCfg = Debug|Any CPU
		{E2C3AFA6-BBBD-4DE6-B41E-D1FE81CA7211}.Debug|x86.Build.0 = Debug|Any CPU
		{E2C3AFA6-BBBD-4DE6-B41E-D1FE81CA7211}.Release|Any CPU.ActiveCfg = Release|Any CPU
		{E2C3AFA6-BBBD-4DE6-B41E-D1FE81CA7211}.Release|Any CPU.Build.0 = Release|Any CPU
		{E2C3AFA6-BBBD-4DE6-B41E-D1FE81CA7211}.Release|x64.ActiveCfg = Release|Any CPU
		{E2C3AFA6-BBBD-4DE6-B41E-D1FE81CA7211}.Release|x64.Build.0 = Release|Any CPU
		{E2C3AFA6-BBBD-4DE6-B41E-D1FE81CA7211}.Release|x86.ActiveCfg = Release|Any CPU
		{E2C3AFA6-BBBD-4DE6-B41E-D1FE81CA7211}.Release|x86.Build.0 = Release|Any CPU
	EndGlobalSection
	GlobalSection(SolutionProperties) = preSolution
		HideSolutionNode = FALSE
	EndGlobalSection
	GlobalSection(NestedProjects) = preSolution
		{7372997C-903C-415D-B946-C7CF457C3720} = {AD2110BC-2DBA-4A47-940E-29BE882AA855}
		{FFF488F4-0D78-426A-B2DE-03C994C69CBB} = {7372997C-903C-415D-B946-C7CF457C3720}
		{5BAA16F0-553B-47A5-B148-C37498371C56} = {AD2110BC-2DBA-4A47-940E-29BE882AA855}
		{6BD358F8-5215-41FB-8FCB-01863685095F} = {5BAA16F0-553B-47A5-B148-C37498371C56}
		{4CFC45F2-9A06-4BB5-A3A5-9460AD250951} = {AD2110BC-2DBA-4A47-940E-29BE882AA855}
		{438856F2-DE67-4A2B-97D4-2634213B6C86} = {4CFC45F2-9A06-4BB5-A3A5-9460AD250951}
		{6E87693D-DD60-4EDB-8729-D1B444ED4F53} = {4CFC45F2-9A06-4BB5-A3A5-9460AD250951}
		{4449DDC1-74B4-45E2-9FBB-16E8ED401FE2} = {AD2110BC-2DBA-4A47-940E-29BE882AA855}
		{B97397EC-840B-47E4-A4A2-1B2A2060D9BC} = {4449DDC1-74B4-45E2-9FBB-16E8ED401FE2}
		{106B30CF-E393-4F6A-A369-79119E999BED} = {6CD736CE-64D3-4AD9-AC87-BF4F1C32A13A}
		{2953458F-C095-4AD2-9C97-780CE2DF37A2} = {6CD736CE-64D3-4AD9-AC87-BF4F1C32A13A}
		{6CD736CE-64D3-4AD9-AC87-BF4F1C32A13A} = {4449DDC1-74B4-45E2-9FBB-16E8ED401FE2}
		{B864FF95-EB30-469E-97ED-3D10074DBF9A} = {4449DDC1-74B4-45E2-9FBB-16E8ED401FE2}
		{E2C3AFA6-BBBD-4DE6-B41E-D1FE81CA7211} = {1D8705C1-EE90-421E-A2DD-30989337ADFC}
	EndGlobalSection
	GlobalSection(ExtensibilityGlobals) = postSolution
		SolutionGuid = {9742F169-4AAF-48A6-8C69-278AE7811880}
	EndGlobalSection
EndGlobal
